
Microsoft Visual Studio Solution File, Format Version 12.00
# Visual Studio Version 17
VisualStudioVersion = 17.9.34728.123
MinimumVisualStudioVersion = 10.0.40219.1
Project("{FAE04EC0-301F-11D3-BF4B-00C04F79EFBC}") = "QuanLiKhoHang", "QuanLiKhoHang\QuanLiKhoHang.csproj", "{54E51CD1-995D-41CC-8198-0AA30CA89876}"
EndProject
Global
	GlobalSection(SolutionConfigurationPlatforms) = preSolution
		Debug|Any CPU = Debug|Any CPU
		Release|Any CPU = Release|Any CPU
	EndGlobalSection
	GlobalSection(ProjectConfigurationPlatforms) = postSolution
		{54E51CD1-995D-41CC-8198-0AA30CA89876}.Debug|Any CPU.ActiveCfg = Debug|Any CPU
		{54E51CD1-995D-41CC-8198-0AA30CA89876}.Debug|Any CPU.Build.0 = Debug|Any CPU
		{54E51CD1-995D-41CC-8198-0AA30CA89876}.Release|Any CPU.ActiveCfg = Release|Any CPU
		{54E51CD1-995D-41CC-8198-0AA30CA89876}.Release|Any CPU.Build.0 = Release|Any CPU
	EndGlobalSection
	GlobalSection(SolutionProperties) = preSolution
		HideSolutionNode = FALSE
	EndGlobalSection
	GlobalSection(ExtensibilityGlobals) = postSolution
		SolutionGuid = {146E0554-1674-4D3F-8BF7-400B3FA1D374}
	EndGlobalSection
EndGlobal
